{
    "_meta": {
        "hash": {
            "sha256": "e079f41dd903c906ed107705ce76e7eb0b640ddb15264770eed2750d82d2fb57"
        },
        "pipfile-spec": 6,
        "requires": {
            "python_full_version": "3.10.7",
            "python_version": "3.10"
        },
        "sources": [
            {
                "name": "pypi",
                "url": "https://pypi.org/simple",
                "verify_ssl": true
            }
        ]
    },
    "default": {
        "scapy": {
            "hashes": [
                "sha256:bc707e3604784496b6665a9e5b2a69c36cc9fb032af4864b29051531b24c8593"
            ],
            "index": "pypi",
            "version": "==2.4.5"
        }
    },
    "develop": {}
}
